
Microsoft Visual Studio Solution File, Format Version 12.00
# Visual Studio Version 16
VisualStudioVersion = 16.0.31005.135
MinimumVisualStudioVersion = 10.0.40219.1
Project("{FAE04EC0-301F-11D3-BF4B-00C04F79EFBC}") = "Reserve", "Reserve.csproj", "{A70575C4-990D-48DF-A4FF-2A582E8197C6}"
EndProject
Global
	GlobalSection(SolutionConfigurationPlatforms) = preSolution
		Debug|Any CPU = Debug|Any CPU
		Release|Any CPU = Release|Any CPU
	EndGlobalSection
	GlobalSection(ProjectConfigurationPlatforms) = postSolution
		{A70575C4-990D-48DF-A4FF-2A582E8197C6}.Debug|Any CPU.ActiveCfg = Debug|Any CPU
		{A70575C4-990D-48DF-A4FF-2A582E8197C6}.Debug|Any CPU.Build.0 = Debug|Any CPU
		{A70575C4-990D-48DF-A4FF-2A582E8197C6}.Release|Any CPU.ActiveCfg = Release|Any CPU
		{A70575C4-990D-48DF-A4FF-2A582E8197C6}.Release|Any CPU.Build.0 = Release|Any CPU
	EndGlobalSection
	GlobalSection(SolutionProperties) = preSolution
		HideSolutionNode = FALSE
	EndGlobalSection
	GlobalSection(ExtensibilityGlobals) = postSolution
		SolutionGuid = {7329962E-7F09-4C02-950F-65A8AA2DB490}
	EndGlobalSection
EndGlobal
